
Microsoft Visual Studio Solution File, Format Version 12.00
# Visual Studio Version 17
VisualStudioVersion = 17.1.32228.430
MinimumVisualStudioVersion = 10.0.40219.1
Project("{FAE04EC0-301F-11D3-BF4B-00C04F79EFBC}") = "App2.Android", "App2\App2.Android\App2.Android.csproj", "{E431FFAD-3D70-4D76-AC7E-01A0855F0A70}"
EndProject
Project("{FAE04EC0-301F-11D3-BF4B-00C04F79EFBC}") = "App2.iOS", "App2\App2.iOS\App2.iOS.csproj", "{004F8C22-4420-44DE-83AE-D08FFE3CBF50}"
EndProject
Project("{FAE04EC0-301F-11D3-BF4B-00C04F79EFBC}") = "App2", "App2\App2\App2.csproj", "{F766AD57-212F-4AA8-9002-9017EBFD92A1}"
EndProject
Global
	GlobalSection(SolutionConfigurationPlatforms) = preSolution
		Debug|Any CPU = Debug|Any CPU
		Debug|iPhone = Debug|iPhone
		Debug|iPhoneSimulator = Debug|iPhoneSimulator
		Release|Any CPU = Release|Any CPU
		Release|iPhone = Release|iPhone
		Release|iPhoneSimulator = Release|iPhoneSimulator
	EndGlobalSection
	GlobalSection(ProjectConfigurationPlatforms) = postSolution
		{E431FFAD-3D70-4D76-AC7E-01A0855F0A70}.Debug|Any CPU.ActiveCfg = Debug|Any CPU
		{E431FFAD-3D70-4D76-AC7E-01A0855F0A70}.Debug|Any CPU.Build.0 = Debug|Any CPU
		{E431FFAD-3D70-4D76-AC7E-01A0855F0A70}.Debug|Any CPU.Deploy.0 = Debug|Any CPU
		{E431FFAD-3D70-4D76-AC7E-01A0855F0A70}.Debug|iPhone.ActiveCfg = Debug|Any CPU
		{E431FFAD-3D70-4D76-AC7E-01A0855F0A70}.Debug|iPhone.Build.0 = Debug|Any CPU
		{E431FFAD-3D70-4D76-AC7E-01A0855F0A70}.Debug|iPhone.Deploy.0 = Debug|Any CPU
		{E431FFAD-3D70-4D76-AC7E-01A0855F0A70}.Debug|iPhoneSimulator.ActiveCfg = Debug|Any CPU
		{E431FFAD-3D70-4D76-AC7E-01A0855F0A70}.Debug|iPhoneSimulator.Build.0 = Debug|Any CPU
		{E431FFAD-3D70-4D76-AC7E-01A0855F0A70}.Debug|iPhoneSimulator.Deploy.0 = Debug|Any CPU
		{E431FFAD-3D70-4D76-AC7E-01A0855F0A70}.Release|Any CPU.ActiveCfg = Release|Any CPU
		{E431FFAD-3D70-4D76-AC7E-01A0855F0A70}.Release|Any CPU.Build.0 = Release|Any CPU
		{E431FFAD-3D70-4D76-AC7E-01A0855F0A70}.Release|Any CPU.Deploy.0 = Release|Any CPU
		{E431FFAD-3D70-4D76-AC7E-01A0855F0A70}.Release|iPhone.ActiveCfg = Release|Any CPU
		{E431FFAD-3D70-4D76-AC7E-01A0855F0A70}.Release|iPhone.Build.0 = Release|Any CPU
		{E431FFAD-3D70-4D76-AC7E-01A0855F0A70}.Release|iPhone.Deploy.0 = Release|Any CPU
		{E431FFAD-3D70-4D76-AC7E-01A0855F0A70}.Release|iPhoneSimulator.ActiveCfg = Release|Any CPU
		{E431FFAD-3D70-4D76-AC7E-01A0855F0A70}.Release|iPhoneSimulator.Build.0 = Release|Any CPU
		{E431FFAD-3D70-4D76-AC7E-01A0855F0A70}.Release|iPhoneSimulator.Deploy.0 = Release|Any CPU
		{004F8C22-4420-44DE-83AE-D08FFE3CBF50}.Debug|Any CPU.ActiveCfg = Debug|iPhone
		{004F8C22-4420-44DE-83AE-D08FFE3CBF50}.Debug|Any CPU.Build.0 = Debug|iPhone
		{004F8C22-4420-44DE-83AE-D08FFE3CBF50}.Debug|Any CPU.Deploy.0 = Debug|iPhone
		{004F8C22-4420-44DE-83AE-D08FFE3CBF50}.Debug|iPhone.ActiveCfg = Debug|iPhone
		{004F8C22-4420-44DE-83AE-D08FFE3CBF50}.Debug|iPhone.Build.0 = Debug|iPhone
		{004F8C22-4420-44DE-83AE-D08FFE3CBF50}.Debug|iPhone.Deploy.0 = Debug|iPhone
		{004F8C22-4420-44DE-83AE-D08FFE3CBF50}.Debug|iPhoneSimulator.ActiveCfg = Debug|iPhoneSimulator
		{004F8C22-4420-44DE-83AE-D08FFE3CBF50}.Debug|iPhoneSimulator.Build.0 = Debug|iPhoneSimulator
		{004F8C22-4420-44DE-83AE-D08FFE3CBF50}.Debug|iPhoneSimulator.Deploy.0 = Debug|iPhoneSimulator
		{004F8C22-4420-44DE-83AE-D08FFE3CBF50}.Release|Any CPU.ActiveCfg = Release|iPhoneSimulator
		{004F8C22-4420-44DE-83AE-D08FFE3CBF50}.Release|Any CPU.Build.0 = Release|iPhoneSimulator
		{004F8C22-4420-44DE-83AE-D08FFE3CBF50}.Release|Any CPU.Deploy.0 = Release|iPhoneSimulator
		{004F8C22-4420-44DE-83AE-D08FFE3CBF50}.Release|iPhone.ActiveCfg = Release|iPhone
		{004F8C22-4420-44DE-83AE-D08FFE3CBF50}.Release|iPhone.Build.0 = Release|iPhone
		{004F8C22-4420-44DE-83AE-D08FFE3CBF50}.Release|iPhone.Deploy.0 = Release|iPhone
		{004F8C22-4420-44DE-83AE-D08FFE3CBF50}.Release|iPhoneSimulator.ActiveCfg = Release|iPhoneSimulator
		{004F8C22-4420-44DE-83AE-D08FFE3CBF50}.Release|iPhoneSimulator.Build.0 = Release|iPhoneSimulator
		{004F8C22-4420-44DE-83AE-D08FFE3CBF50}.Release|iPhoneSimulator.Deploy.0 = Release|iPhoneSimulator
		{F766AD57-212F-4AA8-9002-9017EBFD92A1}.Debug|Any CPU.ActiveCfg = Debug|Any CPU
		{F766AD57-212F-4AA8-9002-9017EBFD92A1}.Debug|Any CPU.Build.0 = Debug|Any CPU
		{F766AD57-212F-4AA8-9002-9017EBFD92A1}.Debug|Any CPU.Deploy.0 = Debug|Any CPU
		{F766AD57-212F-4AA8-9002-9017EBFD92A1}.Debug|iPhone.ActiveCfg = Debug|Any CPU
		{F766AD57-212F-4AA8-9002-9017EBFD92A1}.Debug|iPhone.Build.0 = Debug|Any CPU
		{F766AD57-212F-4AA8-9002-9017EBFD92A1}.Debug|iPhone.Deploy.0 = Debug|Any CPU
		{F766AD57-212F-4AA8-9002-9017EBFD92A1}.Debug|iPhoneSimulator.ActiveCfg = Debug|Any CPU
		{F766AD57-212F-4AA8-9002-9017EBFD92A1}.Debug|iPhoneSimulator.Build.0 = Debug|Any CPU
		{F766AD57-212F-4AA8-9002-9017EBFD92A1}.Debug|iPhoneSimulator.Deploy.0 = Debug|Any CPU
		{F766AD57-212F-4AA8-9002-9017EBFD92A1}.Release|Any CPU.ActiveCfg = Release|Any CPU
		{F766AD57-212F-4AA8-9002-9017EBFD92A1}.Release|Any CPU.Build.0 = Release|Any CPU
		{F766AD57-212F-4AA8-9002-9017EBFD92A1}.Release|Any CPU.Deploy.0 = Release|Any CPU
		{F766AD57-212F-4AA8-9002-9017EBFD92A1}.Release|iPhone.ActiveCfg = Release|Any CPU
		{F766AD57-212F-4AA8-9002-9017EBFD92A1}.Release|iPhone.Build.0 = Release|Any CPU
		{F766AD57-212F-4AA8-9002-9017EBFD92A1}.Release|iPhone.Deploy.0 = Release|Any CPU
		{F766AD57-212F-4AA8-9002-9017EBFD92A1}.Release|iPhoneSimulator.ActiveCfg = Release|Any CPU
		{F766AD57-212F-4AA8-9002-9017EBFD92A1}.Release|iPhoneSimulator.Build.0 = Release|Any CPU
		{F766AD57-212F-4AA8-9002-9017EBFD92A1}.Release|iPhoneSimulator.Deploy.0 = Release|Any CPU
	EndGlobalSection
	GlobalSection(SolutionProperties) = preSolution
		HideSolutionNode = FALSE
	EndGlobalSection
	GlobalSection(ExtensibilityGlobals) = postSolution
		SolutionGuid = {A4FFEC16-8B14-4CEB-96AF-411166B35259}
	EndGlobalSection
EndGlobal
