
Microsoft Visual Studio Solution File, Format Version 12.00
# Visual Studio Version 17
VisualStudioVersion = 17.1.32228.430
MinimumVisualStudioVersion = 10.0.40219.1
Project("{FAE04EC0-301F-11D3-BF4B-00C04F79EFBC}") = "App.Android", "App\App.Android\App.Android.csproj", "{40A9D5CC-9D9B-41B0-BA9F-D10EA65267BB}"
EndProject
Project("{FAE04EC0-301F-11D3-BF4B-00C04F79EFBC}") = "App.iOS", "App\App.iOS\App.iOS.csproj", "{501D8788-2F0C-4A61-9F36-0DC7C37ED38E}"
EndProject
Project("{FAE04EC0-301F-11D3-BF4B-00C04F79EFBC}") = "App", "App\App\App.csproj", "{0B5CF152-703D-4E22-BE0B-B5EC9D26C7B7}"
EndProject
Global
	GlobalSection(SolutionConfigurationPlatforms) = preSolution
		Debug|Any CPU = Debug|Any CPU
		Debug|iPhone = Debug|iPhone
		Debug|iPhoneSimulator = Debug|iPhoneSimulator
		Release|Any CPU = Release|Any CPU
		Release|iPhone = Release|iPhone
		Release|iPhoneSimulator = Release|iPhoneSimulator
	EndGlobalSection
	GlobalSection(ProjectConfigurationPlatforms) = postSolution
		{40A9D5CC-9D9B-41B0-BA9F-D10EA65267BB}.Debug|Any CPU.ActiveCfg = Debug|Any CPU
		{40A9D5CC-9D9B-41B0-BA9F-D10EA65267BB}.Debug|Any CPU.Build.0 = Debug|Any CPU
		{40A9D5CC-9D9B-41B0-BA9F-D10EA65267BB}.Debug|Any CPU.Deploy.0 = Debug|Any CPU
		{40A9D5CC-9D9B-41B0-BA9F-D10EA65267BB}.Debug|iPhone.ActiveCfg = Debug|Any CPU
		{40A9D5CC-9D9B-41B0-BA9F-D10EA65267BB}.Debug|iPhone.Build.0 = Debug|Any CPU
		{40A9D5CC-9D9B-41B0-BA9F-D10EA65267BB}.Debug|iPhone.Deploy.0 = Debug|Any CPU
		{40A9D5CC-9D9B-41B0-BA9F-D10EA65267BB}.Debug|iPhoneSimulator.ActiveCfg = Debug|Any CPU
		{40A9D5CC-9D9B-41B0-BA9F-D10EA65267BB}.Debug|iPhoneSimulator.Build.0 = Debug|Any CPU
		{40A9D5CC-9D9B-41B0-BA9F-D10EA65267BB}.Debug|iPhoneSimulator.Deploy.0 = Debug|Any CPU
		{40A9D5CC-9D9B-41B0-BA9F-D10EA65267BB}.Release|Any CPU.ActiveCfg = Release|Any CPU
		{40A9D5CC-9D9B-41B0-BA9F-D10EA65267BB}.Release|Any CPU.Build.0 = Release|Any CPU
		{40A9D5CC-9D9B-41B0-BA9F-D10EA65267BB}.Release|Any CPU.Deploy.0 = Release|Any CPU
		{40A9D5CC-9D9B-41B0-BA9F-D10EA65267BB}.Release|iPhone.ActiveCfg = Release|Any CPU
		{40A9D5CC-9D9B-41B0-BA9F-D10EA65267BB}.Release|iPhone.Build.0 = Release|Any CPU
		{40A9D5CC-9D9B-41B0-BA9F-D10EA65267BB}.Release|iPhone.Deploy.0 = Release|Any CPU
		{40A9D5CC-9D9B-41B0-BA9F-D10EA65267BB}.Release|iPhoneSimulator.ActiveCfg = Release|Any CPU
		{40A9D5CC-9D9B-41B0-BA9F-D10EA65267BB}.Release|iPhoneSimulator.Build.0 = Release|Any CPU
		{40A9D5CC-9D9B-41B0-BA9F-D10EA65267BB}.Release|iPhoneSimulator.Deploy.0 = Release|Any CPU
		{501D8788-2F0C-4A61-9F36-0DC7C37ED38E}.Debug|Any CPU.ActiveCfg = Debug|iPhone
		{501D8788-2F0C-4A61-9F36-0DC7C37ED38E}.Debug|Any CPU.Build.0 = Debug|iPhone
		{501D8788-2F0C-4A61-9F36-0DC7C37ED38E}.Debug|Any CPU.Deploy.0 = Debug|iPhone
		{501D8788-2F0C-4A61-9F36-0DC7C37ED38E}.Debug|iPhone.ActiveCfg = Debug|iPhone
		{501D8788-2F0C-4A61-9F36-0DC7C37ED38E}.Debug|iPhone.Build.0 = Debug|iPhone
		{501D8788-2F0C-4A61-9F36-0DC7C37ED38E}.Debug|iPhone.Deploy.0 = Debug|iPhone
		{501D8788-2F0C-4A61-9F36-0DC7C37ED38E}.Debug|iPhoneSimulator.ActiveCfg = Debug|iPhoneSimulator
		{501D8788-2F0C-4A61-9F36-0DC7C37ED38E}.Debug|iPhoneSimulator.Build.0 = Debug|iPhoneSimulator
		{501D8788-2F0C-4A61-9F36-0DC7C37ED38E}.Debug|iPhoneSimulator.Deploy.0 = Debug|iPhoneSimulator
		{501D8788-2F0C-4A61-9F36-0DC7C37ED38E}.Release|Any CPU.ActiveCfg = Release|iPhoneSimulator
		{501D8788-2F0C-4A61-9F36-0DC7C37ED38E}.Release|Any CPU.Build.0 = Release|iPhoneSimulator
		{501D8788-2F0C-4A61-9F36-0DC7C37ED38E}.Release|Any CPU.Deploy.0 = Release|iPhoneSimulator
		{501D8788-2F0C-4A61-9F36-0DC7C37ED38E}.Release|iPhone.ActiveCfg = Release|iPhone
		{501D8788-2F0C-4A61-9F36-0DC7C37ED38E}.Release|iPhone.Build.0 = Release|iPhone
		{501D8788-2F0C-4A61-9F36-0DC7C37ED38E}.Release|iPhone.Deploy.0 = Release|iPhone
		{501D8788-2F0C-4A61-9F36-0DC7C37ED38E}.Release|iPhoneSimulator.ActiveCfg = Release|iPhoneSimulator
		{501D8788-2F0C-4A61-9F36-0DC7C37ED38E}.Release|iPhoneSimulator.Build.0 = Release|iPhoneSimulator
		{501D8788-2F0C-4A61-9F36-0DC7C37ED38E}.Release|iPhoneSimulator.Deploy.0 = Release|iPhoneSimulator
		{0B5CF152-703D-4E22-BE0B-B5EC9D26C7B7}.Debug|Any CPU.ActiveCfg = Debug|Any CPU
		{0B5CF152-703D-4E22-BE0B-B5EC9D26C7B7}.Debug|Any CPU.Build.0 = Debug|Any CPU
		{0B5CF152-703D-4E22-BE0B-B5EC9D26C7B7}.Debug|Any CPU.Deploy.0 = Debug|Any CPU
		{0B5CF152-703D-4E22-BE0B-B5EC9D26C7B7}.Debug|iPhone.ActiveCfg = Debug|Any CPU
		{0B5CF152-703D-4E22-BE0B-B5EC9D26C7B7}.Debug|iPhone.Build.0 = Debug|Any CPU
		{0B5CF152-703D-4E22-BE0B-B5EC9D26C7B7}.Debug|iPhone.Deploy.0 = Debug|Any CPU
		{0B5CF152-703D-4E22-BE0B-B5EC9D26C7B7}.Debug|iPhoneSimulator.ActiveCfg = Debug|Any CPU
		{0B5CF152-703D-4E22-BE0B-B5EC9D26C7B7}.Debug|iPhoneSimulator.Build.0 = Debug|Any CPU
		{0B5CF152-703D-4E22-BE0B-B5EC9D26C7B7}.Debug|iPhoneSimulator.Deploy.0 = Debug|Any CPU
		{0B5CF152-703D-4E22-BE0B-B5EC9D26C7B7}.Release|Any CPU.ActiveCfg = Release|Any CPU
		{0B5CF152-703D-4E22-BE0B-B5EC9D26C7B7}.Release|Any CPU.Build.0 = Release|Any CPU
		{0B5CF152-703D-4E22-BE0B-B5EC9D26C7B7}.Release|Any CPU.Deploy.0 = Release|Any CPU
		{0B5CF152-703D-4E22-BE0B-B5EC9D26C7B7}.Release|iPhone.ActiveCfg = Release|Any CPU
		{0B5CF152-703D-4E22-BE0B-B5EC9D26C7B7}.Release|iPhone.Build.0 = Release|Any CPU
		{0B5CF152-703D-4E22-BE0B-B5EC9D26C7B7}.Release|iPhone.Deploy.0 = Release|Any CPU
		{0B5CF152-703D-4E22-BE0B-B5EC9D26C7B7}.Release|iPhoneSimulator.ActiveCfg = Release|Any CPU
		{0B5CF152-703D-4E22-BE0B-B5EC9D26C7B7}.Release|iPhoneSimulator.Build.0 = Release|Any CPU
		{0B5CF152-703D-4E22-BE0B-B5EC9D26C7B7}.Release|iPhoneSimulator.Deploy.0 = Release|Any CPU
	EndGlobalSection
	GlobalSection(SolutionProperties) = preSolution
		HideSolutionNode = FALSE
	EndGlobalSection
	GlobalSection(ExtensibilityGlobals) = postSolution
		SolutionGuid = {6693D714-AFAD-4D6D-BBC6-8ED7742F4423}
	EndGlobalSection
EndGlobal
